
Microsoft Visual Studio Solution File, Format Version 12.00
# Visual Studio Version 16
VisualStudioVersion = 16.0.30523.141
MinimumVisualStudioVersion = 10.0.40219.1
Project("{9A19103F-16F7-4668-BE54-9A1E7A4F7556}") = "booking_cars", "booking_cars.csproj", "{B0660E64-0476-4E5D-BD9B-A2D2A6861F0D}"
EndProject
Project("{FAE04EC0-301F-11D3-BF4B-00C04F79EFBC}") = "CarInfoUnitTesting", "..\CarInfoUnitTesting\CarInfoUnitTesting.csproj", "{DD64CE52-D9B6-4E45-A244-4ADA3C062952}"
EndProject
Global
	GlobalSection(SolutionConfigurationPlatforms) = preSolution
		Debug|Any CPU = Debug|Any CPU
		Release|Any CPU = Release|Any CPU
	EndGlobalSection
	GlobalSection(ProjectConfigurationPlatforms) = postSolution
		{B0660E64-0476-4E5D-BD9B-A2D2A6861F0D}.Debug|Any CPU.ActiveCfg = Debug|Any CPU
		{B0660E64-0476-4E5D-BD9B-A2D2A6861F0D}.Debug|Any CPU.Build.0 = Debug|Any CPU
		{B0660E64-0476-4E5D-BD9B-A2D2A6861F0D}.Release|Any CPU.ActiveCfg = Release|Any CPU
		{B0660E64-0476-4E5D-BD9B-A2D2A6861F0D}.Release|Any CPU.Build.0 = Release|Any CPU
		{DD64CE52-D9B6-4E45-A244-4ADA3C062952}.Debug|Any CPU.ActiveCfg = Debug|Any CPU
		{DD64CE52-D9B6-4E45-A244-4ADA3C062952}.Debug|Any CPU.Build.0 = Debug|Any CPU
		{DD64CE52-D9B6-4E45-A244-4ADA3C062952}.Release|Any CPU.ActiveCfg = Release|Any CPU
		{DD64CE52-D9B6-4E45-A244-4ADA3C062952}.Release|Any CPU.Build.0 = Release|Any CPU
	EndGlobalSection
	GlobalSection(SolutionProperties) = preSolution
		HideSolutionNode = FALSE
	EndGlobalSection
	GlobalSection(ExtensibilityGlobals) = postSolution
		SolutionGuid = {B1DFEBD6-C8F7-4EC1-A438-3BF52BA5E2B7}
	EndGlobalSection
EndGlobal
